
Microsoft Visual Studio Solution File, Format Version 12.00
# Visual Studio Version 16
VisualStudioVersion = 16.0.31410.357
MinimumVisualStudioVersion = 10.0.40219.1
Project("{FAE04EC0-301F-11D3-BF4B-00C04F79EFBC}") = "AcademiaZyXx", "AcademiaZyXx\AcademiaZyXx.csproj", "{EEE8AEF8-AC90-4ED6-B76C-341828D3B896}"
EndProject
Project("{FAE04EC0-301F-11D3-BF4B-00C04F79EFBC}") = "WinFormsPresentationLayer", "WinFormsPresentationLayer\WinFormsPresentationLayer.csproj", "{2114FAE7-D7EA-4833-9BEE-E67042086235}"
EndProject
Global
	GlobalSection(SolutionConfigurationPlatforms) = preSolution
		Debug|Any CPU = Debug|Any CPU
		Release|Any CPU = Release|Any CPU
	EndGlobalSection
	GlobalSection(ProjectConfigurationPlatforms) = postSolution
		{EEE8AEF8-AC90-4ED6-B76C-341828D3B896}.Debug|Any CPU.ActiveCfg = Debug|Any CPU
		{EEE8AEF8-AC90-4ED6-B76C-341828D3B896}.Debug|Any CPU.Build.0 = Debug|Any CPU
		{EEE8AEF8-AC90-4ED6-B76C-341828D3B896}.Release|Any CPU.ActiveCfg = Release|Any CPU
		{EEE8AEF8-AC90-4ED6-B76C-341828D3B896}.Release|Any CPU.Build.0 = Release|Any CPU
		{2114FAE7-D7EA-4833-9BEE-E67042086235}.Debug|Any CPU.ActiveCfg = Debug|Any CPU
		{2114FAE7-D7EA-4833-9BEE-E67042086235}.Debug|Any CPU.Build.0 = Debug|Any CPU
		{2114FAE7-D7EA-4833-9BEE-E67042086235}.Release|Any CPU.ActiveCfg = Release|Any CPU
		{2114FAE7-D7EA-4833-9BEE-E67042086235}.Release|Any CPU.Build.0 = Release|Any CPU
	EndGlobalSection
	GlobalSection(SolutionProperties) = preSolution
		HideSolutionNode = FALSE
	EndGlobalSection
	GlobalSection(ExtensibilityGlobals) = postSolution
		SolutionGuid = {DFAF5A58-CEE5-402C-95BF-FD96CF2568B5}
	EndGlobalSection
EndGlobal
